
Microsoft Visual Studio Solution File, Format Version 12.00
# Visual Studio Version 17
VisualStudioVersion = 17.6.33815.320
MinimumVisualStudioVersion = 10.0.40219.1
Project("{FAE04EC0-301F-11D3-BF4B-00C04F79EFBC}") = "AstmMessageParsing", "AstmMessageParsing\AstmMessageParsing.csproj", "{8C7BD5B1-38DF-4087-BF76-C0C4BB330A0E}"
EndProject
Global
	GlobalSection(SolutionConfigurationPlatforms) = preSolution
		Debug|Any CPU = Debug|Any CPU
		Release|Any CPU = Release|Any CPU
	EndGlobalSection
	GlobalSection(ProjectConfigurationPlatforms) = postSolution
		{8C7BD5B1-38DF-4087-BF76-C0C4BB330A0E}.Debug|Any CPU.ActiveCfg = Debug|Any CPU
		{8C7BD5B1-38DF-4087-BF76-C0C4BB330A0E}.Debug|Any CPU.Build.0 = Debug|Any CPU
		{8C7BD5B1-38DF-4087-BF76-C0C4BB330A0E}.Release|Any CPU.ActiveCfg = Release|Any CPU
		{8C7BD5B1-38DF-4087-BF76-C0C4BB330A0E}.Release|Any CPU.Build.0 = Release|Any CPU
	EndGlobalSection
	GlobalSection(SolutionProperties) = preSolution
		HideSolutionNode = FALSE
	EndGlobalSection
	GlobalSection(ExtensibilityGlobals) = postSolution
		SolutionGuid = {76814F01-738B-49BA-BBF1-CA349BF875F1}
	EndGlobalSection
EndGlobal
