
Microsoft Visual Studio Solution File, Format Version 12.00
# Visual Studio Version 17
VisualStudioVersion = 17.13.35825.156
MinimumVisualStudioVersion = 10.0.40219.1
Project("{FAE04EC0-301F-11D3-BF4B-00C04F79EFBC}") = "LIS1Checksums", "LIS1Checksums.csproj", "{B1B423B0-4E39-4870-A779-8ED4CF192897}"
EndProject
Global
	GlobalSection(SolutionConfigurationPlatforms) = preSolution
		Debug|x86 = Debug|x86
		Release|x86 = Release|x86
	EndGlobalSection
	GlobalSection(ProjectConfigurationPlatforms) = postSolution
		{B1B423B0-4E39-4870-A779-8ED4CF192897}.Debug|x86.ActiveCfg = Debug|x86
		{B1B423B0-4E39-4870-A779-8ED4CF192897}.Debug|x86.Build.0 = Debug|x86
		{B1B423B0-4E39-4870-A779-8ED4CF192897}.Release|x86.ActiveCfg = Release|x86
		{B1B423B0-4E39-4870-A779-8ED4CF192897}.Release|x86.Build.0 = Release|x86
	EndGlobalSection
	GlobalSection(SolutionProperties) = preSolution
		HideSolutionNode = FALSE
	EndGlobalSection
	GlobalSection(ExtensibilityGlobals) = postSolution
		SolutionGuid = {6EA5BE88-54C4-42C5-8849-58A14392CA84}
	EndGlobalSection
EndGlobal
